
Microsoft Visual Studio Solution File, Format Version 12.00
# Visual Studio Version 16
VisualStudioVersion = 16.0.31005.135
MinimumVisualStudioVersion = 10.0.40219.1
Project("{FAE04EC0-301F-11D3-BF4B-00C04F79EFBC}") = "Week15ProjBurkeV2", "Week15ProjBurkeV2.csproj", "{BBD5EE6E-E2A5-4DB8-9C0C-39D8F2362828}"
EndProject
Global
	GlobalSection(SolutionConfigurationPlatforms) = preSolution
		Debug|Any CPU = Debug|Any CPU
		Release|Any CPU = Release|Any CPU
	EndGlobalSection
	GlobalSection(ProjectConfigurationPlatforms) = postSolution
		{BBD5EE6E-E2A5-4DB8-9C0C-39D8F2362828}.Debug|Any CPU.ActiveCfg = Debug|Any CPU
		{BBD5EE6E-E2A5-4DB8-9C0C-39D8F2362828}.Debug|Any CPU.Build.0 = Debug|Any CPU
		{BBD5EE6E-E2A5-4DB8-9C0C-39D8F2362828}.Release|Any CPU.ActiveCfg = Release|Any CPU
		{BBD5EE6E-E2A5-4DB8-9C0C-39D8F2362828}.Release|Any CPU.Build.0 = Release|Any CPU
	EndGlobalSection
	GlobalSection(SolutionProperties) = preSolution
		HideSolutionNode = FALSE
	EndGlobalSection
	GlobalSection(ExtensibilityGlobals) = postSolution
		SolutionGuid = {3575CBB1-7C58-4FB5-AFE0-C041E89CB5A5}
	EndGlobalSection
EndGlobal
